<?xml version="1.0" encoding="utf-8"?>
<Project ToolsVersion="4.0" xmlns="http://schemas.microsoft.com/developer/msbuild/2003">
  <ItemGroup>
    <Filter Include="Source Files">
      <UniqueIdentifier>{4FC737F1-C7A5-4376-A066-2A32D752A2FF}</UniqueIdentifier>
      <Extensions>cpp;c;cc;cxx;c++;cppm;ixx;def;odl;idl;hpj;bat;asm;asmx</Extensions>
    </Filter>
    <Filter Include="Header Files">
      <UniqueIdentifier>{93995380-89BD-4b04-88EB-625FBE52EBFB}</UniqueIdentifier>
      <Extensions>h;hh;hpp;hxx;h++;hm;inl;inc;ipp;xsd</Extensions>
    </Filter>
    <Filter Include="Resource Files">
      <UniqueIdentifier>{67DA6AB6-F800-4c08-8B7A-83BB121AAD01}</UniqueIdentifier>
      <Extensions>rc;ico;cur;bmp;dlg;rc2;rct;bin;rgs;gif;jpg;jpeg;jpe;resx;tiff;tif;png;wav;mfcribbon-ms</Extensions>
    </Filter>
    <Filter Include="Global">
      <UniqueIdentifier>{c700c34c-9048-444f-83cf-1ca35fcfc080}</UniqueIdentifier>
    </Filter>
    <Filter Include="Input">
      <UniqueIdentifier>{ce9756ee-d10e-49d2-b265-f28103a21eb8}</UniqueIdentifier>
    </Filter>
    <Filter Include="Light Manager">
      <UniqueIdentifier>{76d93e29-d429-4040-9ac6-5a66a929119b}</UniqueIdentifier>
    </Filter>
    <Filter Include="Meshes">
      <UniqueIdentifier>{19a1d830-8433-477d-b0aa-ed45927364b9}</UniqueIdentifier>
    </Filter>
    <Filter Include="Meshes\VAOManager">
      <UniqueIdentifier>{a79cf868-34dc-4a0d-a133-971c8eec1d2d}</UniqueIdentifier>
    </Filter>
    <Filter Include="ShaderManager">
      <UniqueIdentifier>{2c7b148f-dab9-4891-ab6c-b36032cdf634}</UniqueIdentifier>
    </Filter>
    <Filter Include="ShaderManager\Shaders">
      <UniqueIdentifier>{156bef31-b5f3-4084-81e0-c0dd224c76cc}</UniqueIdentifier>
    </Filter>
    <Filter Include="Texture Manager">
      <UniqueIdentifier>{747c2b59-1d29-4bfb-a1b4-ef0d81127148}</UniqueIdentifier>
    </Filter>
  </ItemGroup>
  <ItemGroup>
    <ClCompile Include="main.cpp">
      <Filter>Source Files</Filter>
    </ClCompile>
    <ClCompile Include="globalThings.cpp">
      <Filter>Global</Filter>
    </ClCompile>
    <ClCompile Include="Shutdown.cpp">
      <Filter>Global</Filter>
    </ClCompile>
    <ClCompile Include="StartUp.cpp">
      <Filter>Global</Filter>
    </ClCompile>
    <ClCompile Include="cGLFWKeyboadModifiers.cpp">
      <Filter>Input</Filter>
    </ClCompile>
    <ClCompile Include="GLFW_error_callback.cpp">
      <Filter>Input</Filter>
    </ClCompile>
    <ClCompile Include="GLFW_key_callback.cpp">
      <Filter>Input</Filter>
    </ClCompile>
    <ClCompile Include="InputHandling.cpp">
      <Filter>Input</Filter>
    </ClCompile>
    <ClCompile Include="cLightHelper.cpp">
      <Filter>Light Manager</Filter>
    </ClCompile>
    <ClCompile Include="cLightManager.cpp">
      <Filter>Light Manager</Filter>
    </ClCompile>
    <ClCompile Include="cMesh.cpp">
      <Filter>Meshes</Filter>
    </ClCompile>
    <ClCompile Include="cVAOManager.cpp">
      <Filter>Meshes\VAOManager</Filter>
    </ClCompile>
    <ClCompile Include="cShader.cpp">
      <Filter>ShaderManager</Filter>
    </ClCompile>
    <ClCompile Include="cShaderManager.cpp">
      <Filter>ShaderManager</Filter>
    </ClCompile>
    <ClCompile Include="DrawObject_function.cpp">
      <Filter>Source Files</Filter>
    </ClCompile>
    <ClCompile Include="TextureMapping\C24BitBMPpixel.cpp">
      <Filter>Texture Manager</Filter>
    </ClCompile>
    <ClCompile Include="TextureMapping\cBasicTextureManager.cpp">
      <Filter>Texture Manager</Filter>
    </ClCompile>
    <ClCompile Include="TextureMapping\CTextureFromBMP.cpp">
      <Filter>Texture Manager</Filter>
    </ClCompile>
    <ClCompile Include="..\common\glad.c">
      <Filter>Source Files</Filter>
    </ClCompile>
  </ItemGroup>
  <ItemGroup>
    <ClInclude Include="globalThings.h">
      <Filter>Global</Filter>
    </ClInclude>
    <ClInclude Include="GLCommon.h">
      <Filter>Header Files</Filter>
    </ClInclude>
    <ClInclude Include="GLMCommon.h">
      <Filter>Header Files</Filter>
    </ClInclude>
    <ClInclude Include="cLightHelper.h">
      <Filter>Light Manager</Filter>
    </ClInclude>
    <ClInclude Include="cLightManager.h">
      <Filter>Light Manager</Filter>
    </ClInclude>
    <ClInclude Include="cMesh.h">
      <Filter>Meshes</Filter>
    </ClInclude>
    <ClInclude Include="cVAOManager.h">
      <Filter>Meshes\VAOManager</Filter>
    </ClInclude>
    <ClInclude Include="cShaderManager.h">
      <Filter>ShaderManager</Filter>
    </ClInclude>
    <ClInclude Include="sVertex_types.h">
      <Filter>Source Files</Filter>
    </ClInclude>
    <ClInclude Include="TextureMapping\C24BitBMPpixel.h">
      <Filter>Texture Manager</Filter>
    </ClInclude>
    <ClInclude Include="TextureMapping\cBasicTextureManager.h">
      <Filter>Texture Manager</Filter>
    </ClInclude>
    <ClInclude Include="TextureMapping\CTextureFromBMP.h">
      <Filter>Texture Manager</Filter>
    </ClInclude>
  </ItemGroup>
  <ItemGroup>
    <Text Include="..\common\assets\worldFile.txt">
      <Filter>Source Files</Filter>
    </Text>
    <Text Include="..\common\assets\lights.txt">
      <Filter>Source Files</Filter>
    </Text>
    <Text Include="..\common\assets\worldFile - Midterm Updated.txt">
      <Filter>Source Files</Filter>
    </Text>
    <Text Include="..\common\assets\lights - Project 2.txt">
      <Filter>Source Files</Filter>
    </Text>
    <Text Include="..\common\assets\worldFile - Project 2.txt">
      <Filter>Source Files</Filter>
    </Text>
    <Text Include="..\common\assets\lights - Midterm Updated.txt">
      <Filter>Source Files</Filter>
    </Text>
  </ItemGroup>
  <ItemGroup>
    <None Include="..\common\assets\shaders\fragShader_01.glsl">
      <Filter>ShaderManager\Shaders</Filter>
    </None>
    <None Include="..\common\assets\shaders\vertShader_01.glsl">
      <Filter>ShaderManager\Shaders</Filter>
    </None>
  </ItemGroup>
</Project>